
Microsoft Visual Studio Solution File, Format Version 12.00
# Visual Studio 15
VisualStudioVersion = 15.0.28307.271
MinimumVisualStudioVersion = 10.0.40219.1
Project("{FAE04EC0-301F-11D3-BF4B-00C04F79EFBC}") = "Arrays", "Arrays\Arrays.csproj", "{01E56CC5-36F5-4042-9E55-7E01614CE140}"
EndProject
Global
	GlobalSection(SolutionConfigurationPlatforms) = preSolution
		Debug|Any CPU = Debug|Any CPU
		Release|Any CPU = Release|Any CPU
	EndGlobalSection
	GlobalSection(ProjectConfigurationPlatforms) = postSolution
		{01E56CC5-36F5-4042-9E55-7E01614CE140}.Debug|Any CPU.ActiveCfg = Debug|Any CPU
		{01E56CC5-36F5-4042-9E55-7E01614CE140}.Debug|Any CPU.Build.0 = Debug|Any CPU
		{01E56CC5-36F5-4042-9E55-7E01614CE140}.Release|Any CPU.ActiveCfg = Release|Any CPU
		{01E56CC5-36F5-4042-9E55-7E01614CE140}.Release|Any CPU.Build.0 = Release|Any CPU
	EndGlobalSection
	GlobalSection(SolutionProperties) = preSolution
		HideSolutionNode = FALSE
	EndGlobalSection
	GlobalSection(ExtensibilityGlobals) = postSolution
		SolutionGuid = {4E16D711-6D58-435F-8E51-368331FBD1C9}
	EndGlobalSection
EndGlobal
